// !$*UTF8*$!
{
	archiveVersion = 1;
	classes = {
	};
	objectVersion = 50;
	objects = {

/* Begin PBXBuildFile section */
		D844791D24959EE9001B84E9 /* a.swift in Sources */ = {isa = PBXBuildFile; fileRef = D844791C24959EE9001B84E9 /* a.swift */; };
		D844791F2495A192001B84E9 /* MemeTableViewController.swift in Sources */ = {isa = PBXBuildFile; fileRef = D844791E2495A192001B84E9 /* MemeTableViewController.swift */; };
		D84479212495A1BD001B84E9 /* MemeDetailViewController.swift in Sources */ = {isa = PBXBuildFile; fileRef = D84479202495A1BD001B84E9 /* MemeDetailViewController.swift */; };
		D84479232495A1DA001B84E9 /* Meme.swift in Sources */ = {isa = PBXBuildFile; fileRef = D84479222495A1DA001B84E9 /* Meme.swift */; };
		D84479252495A1F4001B84E9 /* MemeCollectionViewCell.swift in Sources */ = {isa = PBXBuildFile; fileRef = D84479242495A1F4001B84E9 /* MemeCollectionViewCell.swift */; };
		D876F97F24800D21008DB407 /* AppDelegate.swift in Sources */ = {isa = PBXBuildFile; fileRef = D876F97E24800D21008DB407 /* AppDelegate.swift */; };
		D876F98124800D21008DB407 /* SceneDelegate.swift in Sources */ = {isa = PBXBuildFile; fileRef = D876F98024800D21008DB407 /* SceneDelegate.swift */; };
		D876F98324800D21008DB407 /* CreateMemeVC.swift in Sources */ = {isa = PBXBuildFile; fileRef = D876F98224800D21008DB407 /* CreateMemeVC.swift */; };
		D876F98624800D21008DB407 /* Main.storyboard in Resources */ = {isa = PBXBuildFile; fileRef = D876F98424800D21008DB407 /* Main.storyboard */; };
		D876F98824800D23008DB407 /* Assets.xcassets in Resources */ = {isa = PBXBuildFile; fileRef = D876F98724800D23008DB407 /* Assets.xcassets */; };
		D876F98B24800D23008DB407 /* LaunchScreen.storyboard in Resources */ = {isa = PBXBuildFile; fileRef = D876F98924800D23008DB407 /* LaunchScreen.storyboard */; };
/* End PBXBuildFile section */

/* Begin PBXFileReference section */
		D844791C24959EE9001B84E9 /* a.swift */ = {isa = PBXFileReference; lastKnownFileType = sourcecode.swift; path = a.swift; sourceTree = "<group>"; };
		D844791E2495A192001B84E9 /* MemeTableViewController.swift */ = {isa = PBXFileReference; lastKnownFileType = sourcecode.swift; path = MemeTableViewController.swift; sourceTree = "<group>"; };
		D84479202495A1BD001B84E9 /* MemeDetailViewController.swift */ = {isa = PBXFileReference; lastKnownFileType = sourcecode.swift; path = MemeDetailViewController.swift; sourceTree = "<group>"; };
		D84479222495A1DA001B84E9 /* Meme.swift */ = {isa = PBXFileReference; lastKnownFileType = sourcecode.swift; path = Meme.swift; sourceTree = "<group>"; };
		D84479242495A1F4001B84E9 /* MemeCollectionViewCell.swift */ = {isa = PBXFileReference; lastKnownFileType = sourcecode.swift; path = MemeCollectionViewCell.swift; sourceTree = "<group>"; };
		D876F97B24800D21008DB407 /* MemeMe.app */ = {isa = PBXFileReference; explicitFileType = wrapper.application; includeInIndex = 0; path = MemeMe.app; sourceTree = BUILT_PRODUCTS_DIR; };
		D876F97E24800D21008DB407 /* AppDelegate.swift */ = {isa = PBXFileReference; lastKnownFileType = sourcecode.swift; path = AppDelegate.swift; sourceTree = "<group>"; };
		D876F98024800D21008DB407 /* SceneDelegate.swift */ = {isa = PBXFileReference; lastKnownFileType = sourcecode.swift; path = SceneDelegate.swift; sourceTree = "<group>"; };
		D876F98224800D21008DB407 /* CreateMemeVC.swift */ = {isa = PBXFileReference; lastKnownFileType = sourcecode.swift; path = CreateMemeVC.swift; sourceTree = "<group>"; };
		D876F98524800D21008DB407 /* Base */ = {isa = PBXFileReference; lastKnownFileType = file.storyboard; name = Base; path = Base.lproj/Main.storyboard; sourceTree = "<group>"; };
		D876F98724800D23008DB407 /* Assets.xcassets */ = {isa = PBXFileReference; lastKnownFileType = folder.assetcatalog; path = Assets.xcassets; sourceTree = "<group>"; };
		D876F98A24800D23008DB407 /* Base */ = {isa = PBXFileReference; lastKnownFileType = file.storyboard; name = Base; path = Base.lproj/LaunchScreen.storyboard; sourceTree = "<group>"; };
		D876F98C24800D23008DB407 /* Info.plist */ = {isa = PBXFileReference; lastKnownFileType = text.plist.xml; path = Info.plist; sourceTree = "<group>"; };
/* End PBXFileReference section */

/* Begin PBXFrameworksBuildPhase section */
		D876F97824800D21008DB407 /* Frameworks */ = {
			isa = PBXFrameworksBuildPhase;
			buildActionMask = 2147483647;
			files = (
			);
			runOnlyForDeploymentPostprocessing = 0;
		};
/* End PBXFrameworksBuildPhase section */

/* Begin PBXGroup section */
		D876F97224800D21008DB407 = {
			isa = PBXGroup;
			children = (
				D876F97D24800D21008DB407 /* MemeMe */,
				D876F97C24800D21008DB407 /* Products */,
			);
			sourceTree = "<group>";
		};
		D876F97C24800D21008DB407 /* Products */ = {
			isa = PBXGroup;
			children = (
				D876F97B24800D21008DB407 /* MemeMe.app */,
			);
			name = Products;
			sourceTree = "<group>";
		};
		D876F97D24800D21008DB407 /* MemeMe */ = {
			isa = PBXGroup;
			children = (
				D844791C24959EE9001B84E9 /* a.swift */,
				D876F97E24800D21008DB407 /* AppDelegate.swift */,
				D876F98024800D21008DB407 /* SceneDelegate.swift */,
				D876F98224800D21008DB407 /* CreateMemeVC.swift */,
				D876F98424800D21008DB407 /* Main.storyboard */,
				D876F98724800D23008DB407 /* Assets.xcassets */,
				D876F98924800D23008DB407 /* LaunchScreen.storyboard */,
				D876F98C24800D23008DB407 /* Info.plist */,
				D844791E2495A192001B84E9 /* MemeTableViewController.swift */,
				D84479202495A1BD001B84E9 /* MemeDetailViewController.swift */,
				D84479222495A1DA001B84E9 /* Meme.swift */,
				D84479242495A1F4001B84E9 /* MemeCollectionViewCell.swift */,
			);
			path = MemeMe;
			sourceTree = "<group>";
		};
/* End PBXGroup section */

/* Begin PBXNativeTarget section */
		D876F97A24800D21008DB407 /* MemeMe */ = {
			isa = PBXNativeTarget;
			buildConfigurationList = D876F98F24800D23008DB407 /* Build configuration list for PBXNativeTarget "MemeMe" */;
			buildPhases = (
				D876F97724800D21008DB407 /* Sources */,
				D876F97824800D21008DB407 /* Frameworks */,
				D876F97924800D21008DB407 /* Resources */,
			);
			buildRules = (
			);
			dependencies = (
			);
			name = MemeMe;
			productName = MemeMe;
			productReference = D876F97B24800D21008DB407 /* MemeMe.app */;
			productType = "com.apple.product-type.application";
		};
/* End PBXNativeTarget section */

/* Begin PBXProject section */
		D876F97324800D21008DB407 /* Project object */ = {
			isa = PBXProject;
			attributes = {
				LastSwiftUpdateCheck = 1140;
				LastUpgradeCheck = 1140;
				ORGANIZATIONNAME = Udacety;
				TargetAttributes = {
					D876F97A24800D21008DB407 = {
						CreatedOnToolsVersion = 11.4.1;
					};
				};
			};
			buildConfigurationList = D876F97624800D21008DB407 /* Build configuration list for PBXProject "MemeMe" */;
			compatibilityVersion = "Xcode 9.3";
			developmentRegion = en;
			hasScannedForEncodings = 0;
			knownRegions = (
				en,
				Base,
			);
			mainGroup = D876F97224800D21008DB407;
			productRefGroup = D876F97C24800D21008DB407 /* Products */;
			projectDirPath = "";
			projectRoot = "";
			targets = (
				D876F97A24800D21008DB407 /* MemeMe */,
			);
		};
/* End PBXProject section */

/* Begin PBXResourcesBuildPhase section */
		D876F97924800D21008DB407 /* Resources */ = {
			isa = PBXResourcesBuildPhase;
			buildActionMask = 2147483647;
			files = (
				D876F98B24800D23008DB407 /* LaunchScreen.storyboard in Resources */,
				D876F98824800D23008DB407 /* Assets.xcassets in Resources */,
				D876F98624800D21008DB407 /* Main.storyboard in Resources */,
			);
			runOnlyForDeploymentPostprocessing = 0;
		};
/* End PBXResourcesBuildPhase section */

/* Begin PBXSourcesBuildPhase section */
		D876F97724800D21008DB407 /* Sources */ = {
			isa = PBXSourcesBuildPhase;
			buildActionMask = 2147483647;
			files = (
				D844791F2495A192001B84E9 /* MemeTableViewController.swift in Sources */,
				D84479212495A1BD001B84E9 /* MemeDetailViewController.swift in Sources */,
				D84479232495A1DA001B84E9 /* Meme.swift in Sources */,
				D876F98324800D21008DB407 /* CreateMemeVC.swift in Sources */,
				D844791D24959EE9001B84E9 /* a.swift in Sources */,
				D84479252495A1F4001B84E9 /* MemeCollectionViewCell.swift in Sources */,
				D876F97F24800D21008DB407 /* AppDelegate.swift in Sources */,
				D876F98124800D21008DB407 /* SceneDelegate.swift in Sources */,
			);
			runOnlyForDeploymentPostprocessing = 0;
		};
/* End PBXSourcesBuildPhase section */

/* Begin PBXVariantGroup section */
		D876F98424800D21008DB407 /* Main.storyboard */ = {
			isa = PBXVariantGroup;
			children = (
				D876F98524800D21008DB407 /* Base */,
			);
			name = Main.storyboard;
			sourceTree = "<group>";
		};
		D876F98924800D23008DB407 /* LaunchScreen.storyboard */ = {
			isa = PBXVariantGroup;
			children = (
				D876F98A24800D23008DB407 /* Base */,
			);
			name = LaunchScreen.storyboard;
			sourceTree = "<group>";
		};
/* End PBXVariantGroup section */

/* Begin XCBuildConfiguration section */
		D876F98D24800D23008DB407 /* Debug */ = {
			isa = XCBuildConfiguration;
			buildSettings = {
				ALWAYS_SEARCH_USER_PATHS = NO;
				CLANG_ANALYZER_NONNULL = YES;
				CLANG_ANALYZER_NUMBER_OBJECT_CONVERSION = YES_AGGRESSIVE;
				CLANG_CXX_LANGUAGE_STANDARD = "gnu++14";
				CLANG_CXX_LIBRARY = "libc++";
				CLANG_ENABLE_MODULES = YES;
				CLANG_ENABLE_OBJC_ARC = YES;
				CLANG_ENABLE_OBJC_WEAK = YES;
				CLANG_WARN_BLOCK_CAPTURE_AUTORELEASING = YES;
				CLANG_WARN_BOOL_CONVERSION = YES;
				CLANG_WARN_COMMA = YES;
				CLANG_WARN_CONSTANT_CONVERSION = YES;
				CLANG_WARN_DEPRECATED_OBJC_IMPLEMENTATIONS = YES;
				CLANG_WARN_DIRECT_OBJC_ISA_USAGE = YES_ERROR;
				CLANG_WARN_DOCUMENTATION_COMMENTS = YES;
				CLANG_WARN_EMPTY_BODY = YES;
				CLANG_WARN_ENUM_CONVERSION = YES;
				CLANG_WARN_INFINITE_RECURSION = YES;
				CLANG_WARN_INT_CONVERSION = YES;
				CLANG_WARN_NON_LITERAL_NULL_CONVERSION = YES;
				CLANG_WARN_OBJC_IMPLICIT_RETAIN_SELF = YES;
				CLANG_WARN_OBJC_LITERAL_CONVERSION = YES;
				CLANG_WARN_OBJC_ROOT_CLASS = YES_ERROR;
				CLANG_WARN_RANGE_LOOP_ANALYSIS = YES;
				CLANG_WARN_STRICT_PROTOTYPES = YES;
				CLANG_WARN_SUSPICIOUS_MOVE = YES;
				CLANG_WARN_UNGUARDED_AVAILABILITY = YES_AGGRESSIVE;
				CLANG_WARN_UNREACHABLE_CODE = YES;
				CLANG_WARN__DUPLICATE_METHOD_MATCH = YES;
				COPY_PHASE_STRIP = NO;
				DEBUG_INFORMATION_FORMAT = dwarf;
				ENABLE_STRICT_OBJC_MSGSEND = YES;
				ENABLE_TESTABILITY = YES;
				GCC_C_LANGUAGE_STANDARD = gnu11;
				GCC_DYNAMIC_NO_PIC = NO;
				GCC_NO_COMMON_BLOCKS = YES;
				GCC_OPTIMIZATION_LEVEL = 0;
				GCC_PREPROCESSOR_DEFINITIONS = (
					"DEBUG=1",
					"$(inherited)",
				);
				GCC_WARN_64_TO_32_BIT_CONVERSION = YES;
				GCC_WARN_ABOUT_RETURN_TYPE = YES_ERROR;
				GCC_WARN_UNDECLARED_SELECTOR = YES;
				GCC_WARN_UNINITIALIZED_AUTOS = YES_AGGRESSIVE;
				GCC_WARN_UNUSED_FUNCTION = YES;
				GCC_WARN_UNUSED_VARIABLE = YES;
				IPHONEOS_DEPLOYMENT_TARGET = 13.4;
				MTL_ENABLE_DEBUG_INFO = INCLUDE_SOURCE;
				MTL_FAST_MATH = YES;
				ONLY_ACTIVE_ARCH = YES;
				SDKROOT = iphoneos;
				SWIFT_ACTIVE_COMPILATION_CONDITIONS = DEBUG;
				SWIFT_OPTIMIZATION_LEVEL = "-Onone";
			};
			name = Debug;
		};
		D876F98E24800D23008DB407 /* Release */ = {
			isa = XCBuildConfiguration;
			buildSettings = {
				ALWAYS_SEARCH_USER_PATHS = NO;
				CLANG_ANALYZER_NONNULL = YES;
				CLANG_ANALYZER_NUMBER_OBJECT_CONVERSION = YES_AGGRESSIVE;
				CLANG_CXX_LANGUAGE_STANDARD = "gnu++14";
				CLANG_CXX_LIBRARY = "libc++";
				CLANG_ENABLE_MODULES = YES;
				CLANG_ENABLE_OBJC_ARC = YES;
				CLANG_ENABLE_OBJC_WEAK = YES;
				CLANG_WARN_BLOCK_CAPTURE_AUTORELEASING = YES;
				CLANG_WARN_BOOL_CONVERSION = YES;
				CLANG_WARN_COMMA = YES;
				CLANG_WARN_CONSTANT_CONVERSION = YES;
				CLANG_WARN_DEPRECATED_OBJC_IMPLEMENTATIONS = YES;
				CLANG_WARN_DIRECT_OBJC_ISA_USAGE = YES_ERROR;
				CLANG_WARN_DOCUMENTATION_COMMENTS = YES;
				CLANG_WARN_EMPTY_BODY = YES;
				CLANG_WARN_ENUM_CONVERSION = YES;
				CLANG_WARN_INFINITE_RECURSION = YES;
				CLANG_WARN_INT_CONVERSION = YES;
				CLANG_WARN_NON_LITERAL_NULL_CONVERSION = YES;
				CLANG_WARN_OBJC_IMPLICIT_RETAIN_SELF = YES;
				CLANG_WARN_OBJC_LITERAL_CONVERSION = YES;
				CLANG_WARN_OBJC_ROOT_CLASS = YES_ERROR;
				CLANG_WARN_RANGE_LOOP_ANALYSIS = YES;
				CLANG_WARN_STRICT_PROTOTYPES = YES;
				CLANG_WARN_SUSPICIOUS_MOVE = YES;
				CLANG_WARN_UNGUARDED_AVAILABILITY = YES_AGGRESSIVE;
				CLANG_WARN_UNREACHABLE_CODE = YES;
				CLANG_WARN__DUPLICATE_METHOD_MATCH = YES;
				COPY_PHASE_STRIP = NO;
				DEBUG_INFORMATION_FORMAT = "dwarf-with-dsym";
				ENABLE_NS_ASSERTIONS = NO;
				ENABLE_STRICT_OBJC_MSGSEND = YES;
				GCC_C_LANGUAGE_STANDARD = gnu11;
				GCC_NO_COMMON_BLOCKS = YES;
				GCC_WARN_64_TO_32_BIT_CONVERSION = YES;
				GCC_WARN_ABOUT_RETURN_TYPE = YES_ERROR;
				GCC_WARN_UNDECLARED_SELECTOR = YES;
				GCC_WARN_UNINITIALIZED_AUTOS = YES_AGGRESSIVE;
				GCC_WARN_UNUSED_FUNCTION = YES;
				GCC_WARN_UNUSED_VARIABLE = YES;
				IPHONEOS_DEPLOYMENT_TARGET = 13.4;
				MTL_ENABLE_DEBUG_INFO = NO;
				MTL_FAST_MATH = YES;
				SDKROOT = iphoneos;
				SWIFT_COMPILATION_MODE = wholemodule;
				SWIFT_OPTIMIZATION_LEVEL = "-O";
				VALIDATE_PRODUCT = YES;
			};
			name = Release;
		};
		D876F99024800D23008DB407 /* Debug */ = {
			isa = XCBuildConfiguration;
			buildSettings = {
				ASSETCATALOG_COMPILER_APPICON_NAME = AppIcon;
				CODE_SIGN_STYLE = Automatic;
				DEVELOPMENT_TEAM = 23RZGF4M6J;
				INFOPLIST_FILE = MemeMe/Info.plist;
				LD_RUNPATH_SEARCH_PATHS = (
					"$(inherited)",
					"@executable_path/Frameworks",
				);
				PRODUCT_BUNDLE_IDENTIFIER = shaden.com.MemeMe;
				PRODUCT_NAME = "$(TARGET_NAME)";
				SWIFT_VERSION = 5.0;
				TARGETED_DEVICE_FAMILY = "1,2";
			};
			name = Debug;
		};
		D876F99124800D23008DB407 /* Release */ = {
			isa = XCBuildConfiguration;
			buildSettings = {
				ASSETCATALOG_COMPILER_APPICON_NAME = AppIcon;
				CODE_SIGN_STYLE = Automatic;
				DEVELOPMENT_TEAM = 23RZGF4M6J;
				INFOPLIST_FILE = MemeMe/Info.plist;
				LD_RUNPATH_SEARCH_PATHS = (
					"$(inherited)",
					"@executable_path/Frameworks",
				);
				PRODUCT_BUNDLE_IDENTIFIER = shaden.com.MemeMe;
				PRODUCT_NAME = "$(TARGET_NAME)";
				SWIFT_VERSION = 5.0;
				TARGETED_DEVICE_FAMILY = "1,2";
			};
			name = Release;
		};
/* End XCBuildConfiguration section */

/* Begin XCConfigurationList section */
		D876F97624800D21008DB407 /* Build configuration list for PBXProject "MemeMe" */ = {
			isa = XCConfigurationList;
			buildConfigurations = (
				D876F98D24800D23008DB407 /* Debug */,
				D876F98E24800D23008DB407 /* Release */,
			);
			defaultConfigurationIsVisible = 0;
			defaultConfigurationName = Release;
		};
		D876F98F24800D23008DB407 /* Build configuration list for PBXNativeTarget "MemeMe" */ = {
			isa = XCConfigurationList;
			buildConfigurations = (
				D876F99024800D23008DB407 /* Debug */,
				D876F99124800D23008DB407 /* Release */,
			);
			defaultConfigurationIsVisible = 0;
			defaultConfigurationName = Release;
		};
/* End XCConfigurationList section */
	};
	rootObject = D876F97324800D21008DB407 /* Project object */;
}
